
Microsoft Visual Studio Solution File, Format Version 12.00
# Visual Studio Version 17
VisualStudioVersion = 17.5.33516.290
MinimumVisualStudioVersion = 10.0.40219.1
Project("{FAE04EC0-301F-11D3-BF4B-00C04F79EFBC}") = "Exercise2", "Exercise2.csproj", "{A969EF7E-B321-473C-8BE7-843BF667AB57}"
EndProject
Global
	GlobalSection(SolutionConfigurationPlatforms) = preSolution
		Debug|Any CPU = Debug|Any CPU
		Release|Any CPU = Release|Any CPU
	EndGlobalSection
	GlobalSection(ProjectConfigurationPlatforms) = postSolution
		{A969EF7E-B321-473C-8BE7-843BF667AB57}.Debug|Any CPU.ActiveCfg = Debug|Any CPU
		{A969EF7E-B321-473C-8BE7-843BF667AB57}.Debug|Any CPU.Build.0 = Debug|Any CPU
		{A969EF7E-B321-473C-8BE7-843BF667AB57}.Release|Any CPU.ActiveCfg = Release|Any CPU
		{A969EF7E-B321-473C-8BE7-843BF667AB57}.Release|Any CPU.Build.0 = Release|Any CPU
	EndGlobalSection
	GlobalSection(SolutionProperties) = preSolution
		HideSolutionNode = FALSE
	EndGlobalSection
	GlobalSection(ExtensibilityGlobals) = postSolution
		SolutionGuid = {6DB59DEF-EFAB-47D5-9281-7D1EC5432602}
	EndGlobalSection
EndGlobal
